
Microsoft Visual Studio Solution File, Format Version 12.00
# Visual Studio Version 17
VisualStudioVersion = 17.7.34221.43
MinimumVisualStudioVersion = 10.0.40219.1
Project("{9A19103F-16F7-4668-BE54-9A1E7A4F7556}") = "DataAccess", "DataAccess\DataAccess.csproj", "{019ED8BD-610F-44F7-A618-E320633086C5}"
EndProject
Project("{9A19103F-16F7-4668-BE54-9A1E7A4F7556}") = "Business", "Business\Business.csproj", "{387C4554-91C3-42E7-A542-ED22FB4CFEA0}"
EndProject
Project("{9A19103F-16F7-4668-BE54-9A1E7A4F7556}") = "Entities", "Entities\Entities.csproj", "{5F7F7536-ABE3-4297-981E-559ECF5648F9}"
EndProject
Project("{9A19103F-16F7-4668-BE54-9A1E7A4F7556}") = "ConsoleUI", "ConsoleUI\ConsoleUI.csproj", "{2F2655B2-9297-4B83-AD7B-783D7C58B796}"
EndProject
Project("{FAE04EC0-301F-11D3-BF4B-00C04F79EFBC}") = "Core", "Core\Core.csproj", "{843301B4-AA98-4BBB-BD1D-8186729D6DF5}"
EndProject
Global
	GlobalSection(SolutionConfigurationPlatforms) = preSolution
		Debug|Any CPU = Debug|Any CPU
		Release|Any CPU = Release|Any CPU
	EndGlobalSection
	GlobalSection(ProjectConfigurationPlatforms) = postSolution
		{019ED8BD-610F-44F7-A618-E320633086C5}.Debug|Any CPU.ActiveCfg = Debug|Any CPU
		{019ED8BD-610F-44F7-A618-E320633086C5}.Debug|Any CPU.Build.0 = Debug|Any CPU
		{019ED8BD-610F-44F7-A618-E320633086C5}.Release|Any CPU.ActiveCfg = Release|Any CPU
		{019ED8BD-610F-44F7-A618-E320633086C5}.Release|Any CPU.Build.0 = Release|Any CPU
		{387C4554-91C3-42E7-A542-ED22FB4CFEA0}.Debug|Any CPU.ActiveCfg = Debug|Any CPU
		{387C4554-91C3-42E7-A542-ED22FB4CFEA0}.Debug|Any CPU.Build.0 = Debug|Any CPU
		{387C4554-91C3-42E7-A542-ED22FB4CFEA0}.Release|Any CPU.ActiveCfg = Release|Any CPU
		{387C4554-91C3-42E7-A542-ED22FB4CFEA0}.Release|Any CPU.Build.0 = Release|Any CPU
		{5F7F7536-ABE3-4297-981E-559ECF5648F9}.Debug|Any CPU.ActiveCfg = Debug|Any CPU
		{5F7F7536-ABE3-4297-981E-559ECF5648F9}.Debug|Any CPU.Build.0 = Debug|Any CPU
		{5F7F7536-ABE3-4297-981E-559ECF5648F9}.Release|Any CPU.ActiveCfg = Release|Any CPU
		{5F7F7536-ABE3-4297-981E-559ECF5648F9}.Release|Any CPU.Build.0 = Release|Any CPU
		{2F2655B2-9297-4B83-AD7B-783D7C58B796}.Debug|Any CPU.ActiveCfg = Debug|Any CPU
		{2F2655B2-9297-4B83-AD7B-783D7C58B796}.Debug|Any CPU.Build.0 = Debug|Any CPU
		{2F2655B2-9297-4B83-AD7B-783D7C58B796}.Release|Any CPU.ActiveCfg = Release|Any CPU
		{2F2655B2-9297-4B83-AD7B-783D7C58B796}.Release|Any CPU.Build.0 = Release|Any CPU
		{843301B4-AA98-4BBB-BD1D-8186729D6DF5}.Debug|Any CPU.ActiveCfg = Debug|Any CPU
		{843301B4-AA98-4BBB-BD1D-8186729D6DF5}.Debug|Any CPU.Build.0 = Debug|Any CPU
		{843301B4-AA98-4BBB-BD1D-8186729D6DF5}.Release|Any CPU.ActiveCfg = Release|Any CPU
		{843301B4-AA98-4BBB-BD1D-8186729D6DF5}.Release|Any CPU.Build.0 = Release|Any CPU
	EndGlobalSection
	GlobalSection(SolutionProperties) = preSolution
		HideSolutionNode = FALSE
	EndGlobalSection
	GlobalSection(ExtensibilityGlobals) = postSolution
		SolutionGuid = {173E300E-5897-4212-A071-F9D237302926}
	EndGlobalSection
EndGlobal
